
Microsoft Visual Studio Solution File, Format Version 12.00
# Visual Studio Version 16
VisualStudioVersion = 16.0.29025.244
MinimumVisualStudioVersion = 10.0.40219.1
Project("{FAE04EC0-301F-11D3-BF4B-00C04F79EFBC}") = "05-Fiap.Web.AspNet", "05-Fiap.Web.AspNet\05-Fiap.Web.AspNet.csproj", "{389E19C8-2BA3-43C8-B192-DE0C8A8778CB}"
EndProject
Global
	GlobalSection(SolutionConfigurationPlatforms) = preSolution
		Debug|Any CPU = Debug|Any CPU
		Release|Any CPU = Release|Any CPU
	EndGlobalSection
	GlobalSection(ProjectConfigurationPlatforms) = postSolution
		{389E19C8-2BA3-43C8-B192-DE0C8A8778CB}.Debug|Any CPU.ActiveCfg = Debug|Any CPU
		{389E19C8-2BA3-43C8-B192-DE0C8A8778CB}.Debug|Any CPU.Build.0 = Debug|Any CPU
		{389E19C8-2BA3-43C8-B192-DE0C8A8778CB}.Release|Any CPU.ActiveCfg = Release|Any CPU
		{389E19C8-2BA3-43C8-B192-DE0C8A8778CB}.Release|Any CPU.Build.0 = Release|Any CPU
	EndGlobalSection
	GlobalSection(SolutionProperties) = preSolution
		HideSolutionNode = FALSE
	EndGlobalSection
	GlobalSection(ExtensibilityGlobals) = postSolution
		SolutionGuid = {CE3DECAF-31DA-4EF9-8D86-8751C61E457B}
	EndGlobalSection
EndGlobal
